
Microsoft Visual Studio Solution File, Format Version 12.00
# Visual Studio Version 17
VisualStudioVersion = 17.0.33027.175
MinimumVisualStudioVersion = 10.0.40219.1
Project("{FAE04EC0-301F-11D3-BF4B-00C04F79EFBC}") = "myLabWeb", "myLabWeb\myLabWeb.csproj", "{C308CFAA-505F-4F8F-83F0-697987C4F347}"
EndProject
Global
	GlobalSection(SolutionConfigurationPlatforms) = preSolution
		Debug|Any CPU = Debug|Any CPU
		Release|Any CPU = Release|Any CPU
	EndGlobalSection
	GlobalSection(ProjectConfigurationPlatforms) = postSolution
		{C308CFAA-505F-4F8F-83F0-697987C4F347}.Debug|Any CPU.ActiveCfg = Debug|Any CPU
		{C308CFAA-505F-4F8F-83F0-697987C4F347}.Debug|Any CPU.Build.0 = Debug|Any CPU
		{C308CFAA-505F-4F8F-83F0-697987C4F347}.Release|Any CPU.ActiveCfg = Release|Any CPU
		{C308CFAA-505F-4F8F-83F0-697987C4F347}.Release|Any CPU.Build.0 = Release|Any CPU
	EndGlobalSection
	GlobalSection(SolutionProperties) = preSolution
		HideSolutionNode = FALSE
	EndGlobalSection
	GlobalSection(ExtensibilityGlobals) = postSolution
		SolutionGuid = {97BCCDB2-B523-4154-9504-A7DAFF5DEA27}
	EndGlobalSection
EndGlobal
